// !$*UTF8*$!
{
	archiveVersion = 1;
	classes = {
	};
	objectVersion = 46;
	objects = {

/* Begin PBXBuildFile section */
		C3C4FDAE1C7498A500129620 /* AppDelegate.swift in Sources */ = {isa = PBXBuildFile; fileRef = C3C4FDAD1C7498A500129620 /* AppDelegate.swift */; };
		C3C4FDB01C7498A500129620 /* ViewController.swift in Sources */ = {isa = PBXBuildFile; fileRef = C3C4FDAF1C7498A500129620 /* ViewController.swift */; };
		C3C4FDB31C7498A500129620 /* Main.storyboard in Resources */ = {isa = PBXBuildFile; fileRef = C3C4FDB11C7498A500129620 /* Main.storyboard */; };
		C3C4FDB51C7498A500129620 /* Assets.xcassets in Resources */ = {isa = PBXBuildFile; fileRef = C3C4FDB41C7498A500129620 /* Assets.xcassets */; };
		C3C4FDB81C7498A500129620 /* LaunchScreen.storyboard in Resources */ = {isa = PBXBuildFile; fileRef = C3C4FDB61C7498A500129620 /* LaunchScreen.storyboard */; };
		C3C4FDC31C7498A500129620 /* RequestPermissionsTests.swift in Sources */ = {isa = PBXBuildFile; fileRef = C3C4FDC21C7498A500129620 /* RequestPermissionsTests.swift */; };
		C3C4FDCE1C7498A500129620 /* RequestPermissionsUITests.swift in Sources */ = {isa = PBXBuildFile; fileRef = C3C4FDCD1C7498A500129620 /* RequestPermissionsUITests.swift */; };
/* End PBXBuildFile section */

/* Begin PBXContainerItemProxy section */
		C3C4FDBF1C7498A500129620 /* PBXContainerItemProxy */ = {
			isa = PBXContainerItemProxy;
			containerPortal = C3C4FDA21C7498A500129620 /* Project object */;
			proxyType = 1;
			remoteGlobalIDString = C3C4FDA91C7498A500129620;
			remoteInfo = RequestPermissions;
		};
		C3C4FDCA1C7498A500129620 /* PBXContainerItemProxy */ = {
			isa = PBXContainerItemProxy;
			containerPortal = C3C4FDA21C7498A500129620 /* Project object */;
			proxyType = 1;
			remoteGlobalIDString = C3C4FDA91C7498A500129620;
			remoteInfo = RequestPermissions;
		};
/* End PBXContainerItemProxy section */

/* Begin PBXFileReference section */
		C3C4FDAA1C7498A500129620 /* RequestPermissions.app */ = {isa = PBXFileReference; explicitFileType = wrapper.application; includeInIndex = 0; path = RequestPermissions.app; sourceTree = BUILT_PRODUCTS_DIR; };
		C3C4FDAD1C7498A500129620 /* AppDelegate.swift */ = {isa = PBXFileReference; lastKnownFileType = sourcecode.swift; path = AppDelegate.swift; sourceTree = "<group>"; };
		C3C4FDAF1C7498A500129620 /* ViewController.swift */ = {isa = PBXFileReference; lastKnownFileType = sourcecode.swift; path = ViewController.swift; sourceTree = "<group>"; };
		C3C4FDB21C7498A500129620 /* Base */ = {isa = PBXFileReference; lastKnownFileType = file.storyboard; name = Base; path = Base.lproj/Main.storyboard; sourceTree = "<group>"; };
		C3C4FDB41C7498A500129620 /* Assets.xcassets */ = {isa = PBXFileReference; lastKnownFileType = folder.assetcatalog; path = Assets.xcassets; sourceTree = "<group>"; };
		C3C4FDB71C7498A500129620 /* Base */ = {isa = PBXFileReference; lastKnownFileType = file.storyboard; name = Base; path = Base.lproj/LaunchScreen.storyboard; sourceTree = "<group>"; };
		C3C4FDB91C7498A500129620 /* Info.plist */ = {isa = PBXFileReference; lastKnownFileType = text.plist.xml; path = Info.plist; sourceTree = "<group>"; };
		C3C4FDBE1C7498A500129620 /* RequestPermissionsTests.xctest */ = {isa = PBXFileReference; explicitFileType = wrapper.cfbundle; includeInIndex = 0; path = RequestPermissionsTests.xctest; sourceTree = BUILT_PRODUCTS_DIR; };
		C3C4FDC21C7498A500129620 /* RequestPermissionsTests.swift */ = {isa = PBXFileReference; lastKnownFileType = sourcecode.swift; path = RequestPermissionsTests.swift; sourceTree = "<group>"; };
		C3C4FDC41C7498A500129620 /* Info.plist */ = {isa = PBXFileReference; lastKnownFileType = text.plist.xml; path = Info.plist; sourceTree = "<group>"; };
		C3C4FDC91C7498A500129620 /* RequestPermissionsUITests.xctest */ = {isa = PBXFileReference; explicitFileType = wrapper.cfbundle; includeInIndex = 0; path = RequestPermissionsUITests.xctest; sourceTree = BUILT_PRODUCTS_DIR; };
		C3C4FDCD1C7498A500129620 /* RequestPermissionsUITests.swift */ = {isa = PBXFileReference; lastKnownFileType = sourcecode.swift; path = RequestPermissionsUITests.swift; sourceTree = "<group>"; };
		C3C4FDCF1C7498A500129620 /* Info.plist */ = {isa = PBXFileReference; lastKnownFileType = text.plist.xml; path = Info.plist; sourceTree = "<group>"; };
/* End PBXFileReference section */

/* Begin PBXFrameworksBuildPhase section */
		C3C4FDA71C7498A500129620 /* Frameworks */ = {
			isa = PBXFrameworksBuildPhase;
			buildActionMask = 2147483647;
			files = (
			);
			runOnlyForDeploymentPostprocessing = 0;
		};
		C3C4FDBB1C7498A500129620 /* Frameworks */ = {
			isa = PBXFrameworksBuildPhase;
			buildActionMask = 2147483647;
			files = (
			);
			runOnlyForDeploymentPostprocessing = 0;
		};
		C3C4FDC61C7498A500129620 /* Frameworks */ = {
			isa = PBXFrameworksBuildPhase;
			buildActionMask = 2147483647;
			files = (
			);
			runOnlyForDeploymentPostprocessing = 0;
		};
/* End PBXFrameworksBuildPhase section */

/* Begin PBXGroup section */
		C3C4FDA11C7498A500129620 = {
			isa = PBXGroup;
			children = (
				C3C4FDAC1C7498A500129620 /* RequestPermissions */,
				C3C4FDC11C7498A500129620 /* RequestPermissionsTests */,
				C3C4FDCC1C7498A500129620 /* RequestPermissionsUITests */,
				C3C4FDAB1C7498A500129620 /* Products */,
			);
			sourceTree = "<group>";
		};
		C3C4FDAB1C7498A500129620 /* Products */ = {
			isa = PBXGroup;
			children = (
				C3C4FDAA1C7498A500129620 /* RequestPermissions.app */,
				C3C4FDBE1C7498A500129620 /* RequestPermissionsTests.xctest */,
				C3C4FDC91C7498A500129620 /* RequestPermissionsUITests.xctest */,
			);
			name = Products;
			sourceTree = "<group>";
		};
		C3C4FDAC1C7498A500129620 /* RequestPermissions */ = {
			isa = PBXGroup;
			children = (
				C3C4FDAD1C7498A500129620 /* AppDelegate.swift */,
				C3C4FDAF1C7498A500129620 /* ViewController.swift */,
				C3C4FDB11C7498A500129620 /* Main.storyboard */,
				C3C4FDB41C7498A500129620 /* Assets.xcassets */,
				C3C4FDB61C7498A500129620 /* LaunchScreen.storyboard */,
				C3C4FDB91C7498A500129620 /* Info.plist */,
			);
			path = RequestPermissions;
			sourceTree = "<group>";
		};
		C3C4FDC11C7498A500129620 /* RequestPermissionsTests */ = {
			isa = PBXGroup;
			children = (
				C3C4FDC21C7498A500129620 /* RequestPermissionsTests.swift */,
				C3C4FDC41C7498A500129620 /* Info.plist */,
			);
			path = RequestPermissionsTests;
			sourceTree = "<group>";
		};
		C3C4FDCC1C7498A500129620 /* RequestPermissionsUITests */ = {
			isa = PBXGroup;
			children = (
				C3C4FDCD1C7498A500129620 /* RequestPermissionsUITests.swift */,
				C3C4FDCF1C7498A500129620 /* Info.plist */,
			);
			path = RequestPermissionsUITests;
			sourceTree = "<group>";
		};
/* End PBXGroup section */

/* Begin PBXNativeTarget section */
		C3C4FDA91C7498A500129620 /* RequestPermissions */ = {
			isa = PBXNativeTarget;
			buildConfigurationList = C3C4FDD21C7498A500129620 /* Build configuration list for PBXNativeTarget "RequestPermissions" */;
			buildPhases = (
				C3C4FDA61C7498A500129620 /* Sources */,
				C3C4FDA71C7498A500129620 /* Frameworks */,
				C3C4FDA81C7498A500129620 /* Resources */,
			);
			buildRules = (
			);
			dependencies = (
			);
			name = RequestPermissions;
			productName = RequestPermissions;
			productReference = C3C4FDAA1C7498A500129620 /* RequestPermissions.app */;
			productType = "com.apple.product-type.application";
		};
		C3C4FDBD1C7498A500129620 /* RequestPermissionsTests */ = {
			isa = PBXNativeTarget;
			buildConfigurationList = C3C4FDD51C7498A500129620 /* Build configuration list for PBXNativeTarget "RequestPermissionsTests" */;
			buildPhases = (
				C3C4FDBA1C7498A500129620 /* Sources */,
				C3C4FDBB1C7498A500129620 /* Frameworks */,
				C3C4FDBC1C7498A500129620 /* Resources */,
			);
			buildRules = (
			);
			dependencies = (
				C3C4FDC01C7498A500129620 /* PBXTargetDependency */,
			);
			name = RequestPermissionsTests;
			productName = RequestPermissionsTests;
			productReference = C3C4FDBE1C7498A500129620 /* RequestPermissionsTests.xctest */;
			productType = "com.apple.product-type.bundle.unit-test";
		};
		C3C4FDC81C7498A500129620 /* RequestPermissionsUITests */ = {
			isa = PBXNativeTarget;
			buildConfigurationList = C3C4FDD81C7498A500129620 /* Build configuration list for PBXNativeTarget "RequestPermissionsUITests" */;
			buildPhases = (
				C3C4FDC51C7498A500129620 /* Sources */,
				C3C4FDC61C7498A500129620 /* Frameworks */,
				C3C4FDC71C7498A500129620 /* Resources */,
			);
			buildRules = (
			);
			dependencies = (
				C3C4FDCB1C7498A500129620 /* PBXTargetDependency */,
			);
			name = RequestPermissionsUITests;
			productName = RequestPermissionsUITests;
			productReference = C3C4FDC91C7498A500129620 /* RequestPermissionsUITests.xctest */;
			productType = "com.apple.product-type.bundle.ui-testing";
		};
/* End PBXNativeTarget section */

/* Begin PBXProject section */
		C3C4FDA21C7498A500129620 /* Project object */ = {
			isa = PBXProject;
			attributes = {
				LastSwiftUpdateCheck = 0720;
				LastUpgradeCheck = 0720;
				ORGANIZATIONNAME = carlgoldsmith;
				TargetAttributes = {
					C3C4FDA91C7498A500129620 = {
						CreatedOnToolsVersion = 7.2.1;
					};
					C3C4FDBD1C7498A500129620 = {
						CreatedOnToolsVersion = 7.2.1;
						TestTargetID = C3C4FDA91C7498A500129620;
					};
					C3C4FDC81C7498A500129620 = {
						CreatedOnToolsVersion = 7.2.1;
						TestTargetID = C3C4FDA91C7498A500129620;
					};
				};
			};
			buildConfigurationList = C3C4FDA51C7498A500129620 /* Build configuration list for PBXProject "RequestPermissions" */;
			compatibilityVersion = "Xcode 3.2";
			developmentRegion = English;
			hasScannedForEncodings = 0;
			knownRegions = (
				en,
				Base,
			);
			mainGroup = C3C4FDA11C7498A500129620;
			productRefGroup = C3C4FDAB1C7498A500129620 /* Products */;
			projectDirPath = "";
			projectRoot = "";
			targets = (
				C3C4FDA91C7498A500129620 /* RequestPermissions */,
				C3C4FDBD1C7498A500129620 /* RequestPermissionsTests */,
				C3C4FDC81C7498A500129620 /* RequestPermissionsUITests */,
			);
		};
/* End PBXProject section */

/* Begin PBXResourcesBuildPhase section */
		C3C4FDA81C7498A500129620 /* Resources */ = {
			isa = PBXResourcesBuildPhase;
			buildActionMask = 2147483647;
			files = (
				C3C4FDB81C7498A500129620 /* LaunchScreen.storyboard in Resources */,
				C3C4FDB51C7498A500129620 /* Assets.xcassets in Resources */,
				C3C4FDB31C7498A500129620 /* Main.storyboard in Resources */,
			);
			runOnlyForDeploymentPostprocessing = 0;
		};
		C3C4FDBC1C7498A500129620 /* Resources */ = {
			isa = PBXResourcesBuildPhase;
			buildActionMask = 2147483647;
			files = (
			);
			runOnlyForDeploymentPostprocessing = 0;
		};
		C3C4FDC71C7498A500129620 /* Resources */ = {
			isa = PBXResourcesBuildPhase;
			buildActionMask = 2147483647;
			files = (
			);
			runOnlyForDeploymentPostprocessing = 0;
		};
/* End PBXResourcesBuildPhase section */

/* Begin PBXSourcesBuildPhase section */
		C3C4FDA61C7498A500129620 /* Sources */ = {
			isa = PBXSourcesBuildPhase;
			buildActionMask = 2147483647;
			files = (
				C3C4FDB01C7498A500129620 /* ViewController.swift in Sources */,
				C3C4FDAE1C7498A500129620 /* AppDelegate.swift in Sources */,
			);
			runOnlyForDeploymentPostprocessing = 0;
		};
		C3C4FDBA1C7498A500129620 /* Sources */ = {
			isa = PBXSourcesBuildPhase;
			buildActionMask = 2147483647;
			files = (
				C3C4FDC31C7498A500129620 /* RequestPermissionsTests.swift in Sources */,
			);
			runOnlyForDeploymentPostprocessing = 0;
		};
		C3C4FDC51C7498A500129620 /* Sources */ = {
			isa = PBXSourcesBuildPhase;
			buildActionMask = 2147483647;
			files = (
				C3C4FDCE1C7498A500129620 /* RequestPermissionsUITests.swift in Sources */,
			);
			runOnlyForDeploymentPostprocessing = 0;
		};
/* End PBXSourcesBuildPhase section */

/* Begin PBXTargetDependency section */
		C3C4FDC01C7498A500129620 /* PBXTargetDependency */ = {
			isa = PBXTargetDependency;
			target = C3C4FDA91C7498A500129620 /* RequestPermissions */;
			targetProxy = C3C4FDBF1C7498A500129620 /* PBXContainerItemProxy */;
		};
		C3C4FDCB1C7498A500129620 /* PBXTargetDependency */ = {
			isa = PBXTargetDependency;
			target = C3C4FDA91C7498A500129620 /* RequestPermissions */;
			targetProxy = C3C4FDCA1C7498A500129620 /* PBXContainerItemProxy */;
		};
/* End PBXTargetDependency section */

/* Begin PBXVariantGroup section */
		C3C4FDB11C7498A500129620 /* Main.storyboard */ = {
			isa = PBXVariantGroup;
			children = (
				C3C4FDB21C7498A500129620 /* Base */,
			);
			name = Main.storyboard;
			sourceTree = "<group>";
		};
		C3C4FDB61C7498A500129620 /* LaunchScreen.storyboard */ = {
			isa = PBXVariantGroup;
			children = (
				C3C4FDB71C7498A500129620 /* Base */,
			);
			name = LaunchScreen.storyboard;
			sourceTree = "<group>";
		};
/* End PBXVariantGroup section */

/* Begin XCBuildConfiguration section */
		C3C4FDD01C7498A500129620 /* Debug */ = {
			isa = XCBuildConfiguration;
			buildSettings = {
				ALWAYS_SEARCH_USER_PATHS = NO;
				CLANG_CXX_LANGUAGE_STANDARD = "gnu++0x";
				CLANG_CXX_LIBRARY = "libc++";
				CLANG_ENABLE_MODULES = YES;
				CLANG_ENABLE_OBJC_ARC = YES;
				CLANG_WARN_BOOL_CONVERSION = YES;
				CLANG_WARN_CONSTANT_CONVERSION = YES;
				CLANG_WARN_DIRECT_OBJC_ISA_USAGE = YES_ERROR;
				CLANG_WARN_EMPTY_BODY = YES;
				CLANG_WARN_ENUM_CONVERSION = YES;
				CLANG_WARN_INT_CONVERSION = YES;
				CLANG_WARN_OBJC_ROOT_CLASS = YES_ERROR;
				CLANG_WARN_UNREACHABLE_CODE = YES;
				CLANG_WARN__DUPLICATE_METHOD_MATCH = YES;
				"CODE_SIGN_IDENTITY[sdk=iphoneos*]" = "iPhone Developer";
				COPY_PHASE_STRIP = NO;
				DEBUG_INFORMATION_FORMAT = dwarf;
				ENABLE_STRICT_OBJC_MSGSEND = YES;
				ENABLE_TESTABILITY = YES;
				GCC_C_LANGUAGE_STANDARD = gnu99;
				GCC_DYNAMIC_NO_PIC = NO;
				GCC_NO_COMMON_BLOCKS = YES;
				GCC_OPTIMIZATION_LEVEL = 0;
				GCC_PREPROCESSOR_DEFINITIONS = (
					"DEBUG=1",
					"$(inherited)",
				);
				GCC_WARN_64_TO_32_BIT_CONVERSION = YES;
				GCC_WARN_ABOUT_RETURN_TYPE = YES_ERROR;
				GCC_WARN_UNDECLARED_SELECTOR = YES;
				GCC_WARN_UNINITIALIZED_AUTOS = YES_AGGRESSIVE;
				GCC_WARN_UNUSED_FUNCTION = YES;
				GCC_WARN_UNUSED_VARIABLE = YES;
				IPHONEOS_DEPLOYMENT_TARGET = 9.2;
				MTL_ENABLE_DEBUG_INFO = YES;
				ONLY_ACTIVE_ARCH = YES;
				SDKROOT = iphoneos;
				SWIFT_OPTIMIZATION_LEVEL = "-Onone";
			};
			name = Debug;
		};
		C3C4FDD11C7498A500129620 /* Release */ = {
			isa = XCBuildConfiguration;
			buildSettings = {
				ALWAYS_SEARCH_USER_PATHS = NO;
				CLANG_CXX_LANGUAGE_STANDARD = "gnu++0x";
				CLANG_CXX_LIBRARY = "libc++";
				CLANG_ENABLE_MODULES = YES;
				CLANG_ENABLE_OBJC_ARC = YES;
				CLANG_WARN_BOOL_CONVERSION = YES;
				CLANG_WARN_CONSTANT_CONVERSION = YES;
				CLANG_WARN_DIRECT_OBJC_ISA_USAGE = YES_ERROR;
				CLANG_WARN_EMPTY_BODY = YES;
				CLANG_WARN_ENUM_CONVERSION = YES;
				CLANG_WARN_INT_CONVERSION = YES;
				CLANG_WARN_OBJC_ROOT_CLASS = YES_ERROR;
				CLANG_WARN_UNREACHABLE_CODE = YES;
				CLANG_WARN__DUPLICATE_METHOD_MATCH = YES;
				"CODE_SIGN_IDENTITY[sdk=iphoneos*]" = "iPhone Developer";
				COPY_PHASE_STRIP = NO;
				DEBUG_INFORMATION_FORMAT = "dwarf-with-dsym";
				ENABLE_NS_ASSERTIONS = NO;
				ENABLE_STRICT_OBJC_MSGSEND = YES;
				GCC_C_LANGUAGE_STANDARD = gnu99;
				GCC_NO_COMMON_BLOCKS = YES;
				GCC_WARN_64_TO_32_BIT_CONVERSION = YES;
				GCC_WARN_ABOUT_RETURN_TYPE = YES_ERROR;
				GCC_WARN_UNDECLARED_SELECTOR = YES;
				GCC_WARN_UNINITIALIZED_AUTOS = YES_AGGRESSIVE;
				GCC_WARN_UNUSED_FUNCTION = YES;
				GCC_WARN_UNUSED_VARIABLE = YES;
				IPHONEOS_DEPLOYMENT_TARGET = 9.2;
				MTL_ENABLE_DEBUG_INFO = NO;
				SDKROOT = iphoneos;
				VALIDATE_PRODUCT = YES;
			};
			name = Release;
		};
		C3C4FDD31C7498A500129620 /* Debug */ = {
			isa = XCBuildConfiguration;
			buildSettings = {
				ASSETCATALOG_COMPILER_APPICON_NAME = AppIcon;
				INFOPLIST_FILE = RequestPermissions/Info.plist;
				LD_RUNPATH_SEARCH_PATHS = "$(inherited) @executable_path/Frameworks";
				PRODUCT_BUNDLE_IDENTIFIER = com.cg.RequestPermissions;
				PRODUCT_NAME = "$(TARGET_NAME)";
			};
			name = Debug;
		};
		C3C4FDD41C7498A500129620 /* Release */ = {
			isa = XCBuildConfiguration;
			buildSettings = {
				ASSETCATALOG_COMPILER_APPICON_NAME = AppIcon;
				INFOPLIST_FILE = RequestPermissions/Info.plist;
				LD_RUNPATH_SEARCH_PATHS = "$(inherited) @executable_path/Frameworks";
				PRODUCT_BUNDLE_IDENTIFIER = com.cg.RequestPermissions;
				PRODUCT_NAME = "$(TARGET_NAME)";
			};
			name = Release;
		};
		C3C4FDD61C7498A500129620 /* Debug */ = {
			isa = XCBuildConfiguration;
			buildSettings = {
				BUNDLE_LOADER = "$(TEST_HOST)";
				INFOPLIST_FILE = RequestPermissionsTests/Info.plist;
				LD_RUNPATH_SEARCH_PATHS = "$(inherited) @executable_path/Frameworks @loader_path/Frameworks";
				PRODUCT_BUNDLE_IDENTIFIER = com.cg.RequestPermissionsTests;
				PRODUCT_NAME = "$(TARGET_NAME)";
				TEST_HOST = "$(BUILT_PRODUCTS_DIR)/RequestPermissions.app/RequestPermissions";
			};
			name = Debug;
		};
		C3C4FDD71C7498A500129620 /* Release */ = {
			isa = XCBuildConfiguration;
			buildSettings = {
				BUNDLE_LOADER = "$(TEST_HOST)";
				INFOPLIST_FILE = RequestPermissionsTests/Info.plist;
				LD_RUNPATH_SEARCH_PATHS = "$(inherited) @executable_path/Frameworks @loader_path/Frameworks";
				PRODUCT_BUNDLE_IDENTIFIER = com.cg.RequestPermissionsTests;
				PRODUCT_NAME = "$(TARGET_NAME)";
				TEST_HOST = "$(BUILT_PRODUCTS_DIR)/RequestPermissions.app/RequestPermissions";
			};
			name = Release;
		};
		C3C4FDD91C7498A500129620 /* Debug */ = {
			isa = XCBuildConfiguration;
			buildSettings = {
				INFOPLIST_FILE = RequestPermissionsUITests/Info.plist;
				LD_RUNPATH_SEARCH_PATHS = "$(inherited) @executable_path/Frameworks @loader_path/Frameworks";
				PRODUCT_BUNDLE_IDENTIFIER = com.cg.RequestPermissionsUITests;
				PRODUCT_NAME = "$(TARGET_NAME)";
				TEST_TARGET_NAME = RequestPermissions;
				USES_XCTRUNNER = YES;
			};
			name = Debug;
		};
		C3C4FDDA1C7498A500129620 /* Release */ = {
			isa = XCBuildConfiguration;
			buildSettings = {
				INFOPLIST_FILE = RequestPermissionsUITests/Info.plist;
				LD_RUNPATH_SEARCH_PATHS = "$(inherited) @executable_path/Frameworks @loader_path/Frameworks";
				PRODUCT_BUNDLE_IDENTIFIER = com.cg.RequestPermissionsUITests;
				PRODUCT_NAME = "$(TARGET_NAME)";
				TEST_TARGET_NAME = RequestPermissions;
				USES_XCTRUNNER = YES;
			};
			name = Release;
		};
/* End XCBuildConfiguration section */

/* Begin XCConfigurationList section */
		C3C4FDA51C7498A500129620 /* Build configuration list for PBXProject "RequestPermissions" */ = {
			isa = XCConfigurationList;
			buildConfigurations = (
				C3C4FDD01C7498A500129620 /* Debug */,
				C3C4FDD11C7498A500129620 /* Release */,
			);
			defaultConfigurationIsVisible = 0;
			defaultConfigurationName = Release;
		};
		C3C4FDD21C7498A500129620 /* Build configuration list for PBXNativeTarget "RequestPermissions" */ = {
			isa = XCConfigurationList;
			buildConfigurations = (
				C3C4FDD31C7498A500129620 /* Debug */,
				C3C4FDD41C7498A500129620 /* Release */,
			);
			defaultConfigurationIsVisible = 0;
		};
		C3C4FDD51C7498A500129620 /* Build configuration list for PBXNativeTarget "RequestPermissionsTests" */ = {
			isa = XCConfigurationList;
			buildConfigurations = (
				C3C4FDD61C7498A500129620 /* Debug */,
				C3C4FDD71C7498A500129620 /* Release */,
			);
			defaultConfigurationIsVisible = 0;
		};
		C3C4FDD81C7498A500129620 /* Build configuration list for PBXNativeTarget "RequestPermissionsUITests" */ = {
			isa = XCConfigurationList;
			buildConfigurations = (
				C3C4FDD91C7498A500129620 /* Debug */,
				C3C4FDDA1C7498A500129620 /* Release */,
			);
			defaultConfigurationIsVisible = 0;
		};
/* End XCConfigurationList section */
	};
	rootObject = C3C4FDA21C7498A500129620 /* Project object */;
}
